// !$*UTF8*$!
{
	archiveVersion = 1;
	classes = {
	};
	objectVersion = 60;
	objects = {

/* Begin PBXBuildFile section */
		6778BB052B7125EF00DE97B5 /* StarWarFilmsApp.swift in Sources */ = {isa = PBXBuildFile; fileRef = 6778BB042B7125EF00DE97B5 /* StarWarFilmsApp.swift */; };
		6778BB072B7125EF00DE97B5 /* HomeView.swift in Sources */ = {isa = PBXBuildFile; fileRef = 6778BB062B7125EF00DE97B5 /* HomeView.swift */; };
		6778BB092B7125F200DE97B5 /* Assets.xcassets in Resources */ = {isa = PBXBuildFile; fileRef = 6778BB082B7125F200DE97B5 /* Assets.xcassets */; };
		6778BB0C2B7125F200DE97B5 /* Preview Assets.xcassets in Resources */ = {isa = PBXBuildFile; fileRef = 6778BB0B2B7125F200DE97B5 /* Preview Assets.xcassets */; };
		6778BB142B7127DF00DE97B5 /* Apollo in Frameworks */ = {isa = PBXBuildFile; productRef = 6778BB132B7127DF00DE97B5 /* Apollo */; };
		6778BB162B7127DF00DE97B5 /* Apollo-Dynamic in Frameworks */ = {isa = PBXBuildFile; productRef = 6778BB152B7127DF00DE97B5 /* Apollo-Dynamic */; };
		6778BB182B7127DF00DE97B5 /* ApolloAPI in Frameworks */ = {isa = PBXBuildFile; productRef = 6778BB172B7127DF00DE97B5 /* ApolloAPI */; };
		6778BB1A2B7127DF00DE97B5 /* ApolloSQLite in Frameworks */ = {isa = PBXBuildFile; productRef = 6778BB192B7127DF00DE97B5 /* ApolloSQLite */; };
		6778BB1C2B7127DF00DE97B5 /* ApolloTestSupport in Frameworks */ = {isa = PBXBuildFile; productRef = 6778BB1B2B7127DF00DE97B5 /* ApolloTestSupport */; };
		6778BB262B713B8A00DE97B5 /* StarWarFilmsQuery.graphql in Resources */ = {isa = PBXBuildFile; fileRef = 6778BB252B713B8A00DE97B5 /* StarWarFilmsQuery.graphql */; };
		6778BB2B2B71C68500DE97B5 /* APIService.swift in Sources */ = {isa = PBXBuildFile; fileRef = 6778BB2A2B71C68500DE97B5 /* APIService.swift */; };
		67AE5BC12B72241200712D83 /* Error.swift in Sources */ = {isa = PBXBuildFile; fileRef = 67AE5BC02B72241200712D83 /* Error.swift */; };
		67AE5BC62B72269B00712D83 /* StarWarsRepositoryImpl.swift in Sources */ = {isa = PBXBuildFile; fileRef = 67AE5BC52B72269B00712D83 /* StarWarsRepositoryImpl.swift */; };
		67AE5BCA2B7226D900712D83 /* StarWarsRepository.swift in Sources */ = {isa = PBXBuildFile; fileRef = 67AE5BC92B7226D900712D83 /* StarWarsRepository.swift */; };
		67AE5BCD2B72272300712D83 /* Film.swift in Sources */ = {isa = PBXBuildFile; fileRef = 67AE5BCC2B72272300712D83 /* Film.swift */; };
		67AE5BCF2B72273800712D83 /* Character.swift in Sources */ = {isa = PBXBuildFile; fileRef = 67AE5BCE2B72273800712D83 /* Character.swift */; };
		67AE5BD12B72281700712D83 /* schema.graphqls in Resources */ = {isa = PBXBuildFile; fileRef = 67AE5BD02B72281700712D83 /* schema.graphqls */; };
		67AE5BD42B722A7100712D83 /* StarWarsAPI in Frameworks */ = {isa = PBXBuildFile; productRef = 67AE5BD32B722A7100712D83 /* StarWarsAPI */; };
		67AE5BD72B722E7D00712D83 /* Resolver in Frameworks */ = {isa = PBXBuildFile; productRef = 67AE5BD62B722E7D00712D83 /* Resolver */; };
		67AE5BD92B722E7D00712D83 /* Resolver-Dynamic in Frameworks */ = {isa = PBXBuildFile; productRef = 67AE5BD82B722E7D00712D83 /* Resolver-Dynamic */; };
		67AE5BDB2B722E7D00712D83 /* Resolver-Static in Frameworks */ = {isa = PBXBuildFile; productRef = 67AE5BDA2B722E7D00712D83 /* Resolver-Static */; };
		67AE5BDD2B722EA300712D83 /* Data+Injection.swift in Sources */ = {isa = PBXBuildFile; fileRef = 67AE5BDC2B722EA300712D83 /* Data+Injection.swift */; };
		67AE5BDF2B72303300712D83 /* Domain+Injection.swift in Sources */ = {isa = PBXBuildFile; fileRef = 67AE5BDE2B72303300712D83 /* Domain+Injection.swift */; };
		67AE5BE22B72304600712D83 /* StarWarsUseCase.swift in Sources */ = {isa = PBXBuildFile; fileRef = 67AE5BE12B72304600712D83 /* StarWarsUseCase.swift */; };
		67AE5BE42B7230E000712D83 /* App+Injection.swift in Sources */ = {isa = PBXBuildFile; fileRef = 67AE5BE32B7230E000712D83 /* App+Injection.swift */; };
		67AE5BE92B7232DE00712D83 /* HomeViewModel.swift in Sources */ = {isa = PBXBuildFile; fileRef = 67AE5BE82B7232DE00712D83 /* HomeViewModel.swift */; };
		67AE5BED2B72348500712D83 /* Publisher+.swift in Sources */ = {isa = PBXBuildFile; fileRef = 67AE5BEC2B72348500712D83 /* Publisher+.swift */; };
		67AE5BEF2B7234C000712D83 /* ActivityTracker.swift in Sources */ = {isa = PBXBuildFile; fileRef = 67AE5BEE2B7234C000712D83 /* ActivityTracker.swift */; };
		67AE5BF12B7234DD00712D83 /* ErrorTracker.swift in Sources */ = {isa = PBXBuildFile; fileRef = 67AE5BF02B7234DD00712D83 /* ErrorTracker.swift */; };
		67AE5BF62B7257F100712D83 /* FilmDetail.swift in Sources */ = {isa = PBXBuildFile; fileRef = 67AE5BF52B7257F100712D83 /* FilmDetail.swift */; };
		67AE5BF92B7265A200712D83 /* CombineExt in Frameworks */ = {isa = PBXBuildFile; productRef = 67AE5BF82B7265A200712D83 /* CombineExt */; };
		67AE5BFC2B728D6E00712D83 /* ViewModel.swift in Sources */ = {isa = PBXBuildFile; fileRef = 67AE5BFB2B728D6E00712D83 /* ViewModel.swift */; };
		67AE5BFE2B728DCC00712D83 /* Driver.swift in Sources */ = {isa = PBXBuildFile; fileRef = 67AE5BFD2B728DCC00712D83 /* Driver.swift */; };
		67AE5C002B728E3B00712D83 /* AlertMessage.swift in Sources */ = {isa = PBXBuildFile; fileRef = 67AE5BFF2B728E3B00712D83 /* AlertMessage.swift */; };
		67AE5C022B72932200712D83 /* CancelBag.swift in Sources */ = {isa = PBXBuildFile; fileRef = 67AE5C012B72932200712D83 /* CancelBag.swift */; };
		67AE5C042B7294B200712D83 /* LoadingView.swift in Sources */ = {isa = PBXBuildFile; fileRef = 67AE5C032B7294B200712D83 /* LoadingView.swift */; };
		67AE5C062B7294E600712D83 /* ActivityIndicator.swift in Sources */ = {isa = PBXBuildFile; fileRef = 67AE5C052B7294E600712D83 /* ActivityIndicator.swift */; };
/* End PBXBuildFile section */

/* Begin PBXFileReference section */
		6778BB012B7125EF00DE97B5 /* StarWarFilms.app */ = {isa = PBXFileReference; explicitFileType = wrapper.application; includeInIndex = 0; path = StarWarFilms.app; sourceTree = BUILT_PRODUCTS_DIR; };
		6778BB042B7125EF00DE97B5 /* StarWarFilmsApp.swift */ = {isa = PBXFileReference; lastKnownFileType = sourcecode.swift; path = StarWarFilmsApp.swift; sourceTree = "<group>"; };
		6778BB062B7125EF00DE97B5 /* HomeView.swift */ = {isa = PBXFileReference; lastKnownFileType = sourcecode.swift; path = HomeView.swift; sourceTree = "<group>"; };
		6778BB082B7125F200DE97B5 /* Assets.xcassets */ = {isa = PBXFileReference; lastKnownFileType = folder.assetcatalog; path = Assets.xcassets; sourceTree = "<group>"; };
		6778BB0B2B7125F200DE97B5 /* Preview Assets.xcassets */ = {isa = PBXFileReference; lastKnownFileType = folder.assetcatalog; path = "Preview Assets.xcassets"; sourceTree = "<group>"; };
		6778BB252B713B8A00DE97B5 /* StarWarFilmsQuery.graphql */ = {isa = PBXFileReference; lastKnownFileType = text; path = StarWarFilmsQuery.graphql; sourceTree = "<group>"; };
		6778BB2A2B71C68500DE97B5 /* APIService.swift */ = {isa = PBXFileReference; lastKnownFileType = sourcecode.swift; path = APIService.swift; sourceTree = "<group>"; };
		67AE5BC02B72241200712D83 /* Error.swift */ = {isa = PBXFileReference; lastKnownFileType = sourcecode.swift; path = Error.swift; sourceTree = "<group>"; };
		67AE5BC52B72269B00712D83 /* StarWarsRepositoryImpl.swift */ = {isa = PBXFileReference; lastKnownFileType = sourcecode.swift; path = StarWarsRepositoryImpl.swift; sourceTree = "<group>"; };
		67AE5BC92B7226D900712D83 /* StarWarsRepository.swift */ = {isa = PBXFileReference; lastKnownFileType = sourcecode.swift; path = StarWarsRepository.swift; sourceTree = "<group>"; };
		67AE5BCC2B72272300712D83 /* Film.swift */ = {isa = PBXFileReference; lastKnownFileType = sourcecode.swift; path = Film.swift; sourceTree = "<group>"; };
		67AE5BCE2B72273800712D83 /* Character.swift */ = {isa = PBXFileReference; lastKnownFileType = sourcecode.swift; path = Character.swift; sourceTree = "<group>"; };
		67AE5BD02B72281700712D83 /* schema.graphqls */ = {isa = PBXFileReference; fileEncoding = 4; lastKnownFileType = text; path = schema.graphqls; sourceTree = "<group>"; };
		67AE5BDC2B722EA300712D83 /* Data+Injection.swift */ = {isa = PBXFileReference; lastKnownFileType = sourcecode.swift; path = "Data+Injection.swift"; sourceTree = "<group>"; };
		67AE5BDE2B72303300712D83 /* Domain+Injection.swift */ = {isa = PBXFileReference; lastKnownFileType = sourcecode.swift; path = "Domain+Injection.swift"; sourceTree = "<group>"; };
		67AE5BE12B72304600712D83 /* StarWarsUseCase.swift */ = {isa = PBXFileReference; lastKnownFileType = sourcecode.swift; path = StarWarsUseCase.swift; sourceTree = "<group>"; };
		67AE5BE32B7230E000712D83 /* App+Injection.swift */ = {isa = PBXFileReference; lastKnownFileType = sourcecode.swift; path = "App+Injection.swift"; sourceTree = "<group>"; };
		67AE5BE82B7232DE00712D83 /* HomeViewModel.swift */ = {isa = PBXFileReference; lastKnownFileType = sourcecode.swift; path = HomeViewModel.swift; sourceTree = "<group>"; };
		67AE5BEC2B72348500712D83 /* Publisher+.swift */ = {isa = PBXFileReference; lastKnownFileType = sourcecode.swift; path = "Publisher+.swift"; sourceTree = "<group>"; };
		67AE5BEE2B7234C000712D83 /* ActivityTracker.swift */ = {isa = PBXFileReference; lastKnownFileType = sourcecode.swift; path = ActivityTracker.swift; sourceTree = "<group>"; };
		67AE5BF02B7234DD00712D83 /* ErrorTracker.swift */ = {isa = PBXFileReference; lastKnownFileType = sourcecode.swift; path = ErrorTracker.swift; sourceTree = "<group>"; };
		67AE5BF52B7257F100712D83 /* FilmDetail.swift */ = {isa = PBXFileReference; lastKnownFileType = sourcecode.swift; path = FilmDetail.swift; sourceTree = "<group>"; };
		67AE5BFB2B728D6E00712D83 /* ViewModel.swift */ = {isa = PBXFileReference; lastKnownFileType = sourcecode.swift; path = ViewModel.swift; sourceTree = "<group>"; };
		67AE5BFD2B728DCC00712D83 /* Driver.swift */ = {isa = PBXFileReference; lastKnownFileType = sourcecode.swift; path = Driver.swift; sourceTree = "<group>"; };
		67AE5BFF2B728E3B00712D83 /* AlertMessage.swift */ = {isa = PBXFileReference; lastKnownFileType = sourcecode.swift; path = AlertMessage.swift; sourceTree = "<group>"; };
		67AE5C012B72932200712D83 /* CancelBag.swift */ = {isa = PBXFileReference; lastKnownFileType = sourcecode.swift; path = CancelBag.swift; sourceTree = "<group>"; };
		67AE5C032B7294B200712D83 /* LoadingView.swift */ = {isa = PBXFileReference; lastKnownFileType = sourcecode.swift; path = LoadingView.swift; sourceTree = "<group>"; };
		67AE5C052B7294E600712D83 /* ActivityIndicator.swift */ = {isa = PBXFileReference; lastKnownFileType = sourcecode.swift; path = ActivityIndicator.swift; sourceTree = "<group>"; };
/* End PBXFileReference section */

/* Begin PBXFrameworksBuildPhase section */
		6778BAFE2B7125EF00DE97B5 /* Frameworks */ = {
			isa = PBXFrameworksBuildPhase;
			buildActionMask = 2147483647;
			files = (
				67AE5BD42B722A7100712D83 /* StarWarsAPI in Frameworks */,
				6778BB182B7127DF00DE97B5 /* ApolloAPI in Frameworks */,
				6778BB1C2B7127DF00DE97B5 /* ApolloTestSupport in Frameworks */,
				6778BB1A2B7127DF00DE97B5 /* ApolloSQLite in Frameworks */,
				67AE5BD92B722E7D00712D83 /* Resolver-Dynamic in Frameworks */,
				6778BB142B7127DF00DE97B5 /* Apollo in Frameworks */,
				67AE5BD72B722E7D00712D83 /* Resolver in Frameworks */,
				67AE5BDB2B722E7D00712D83 /* Resolver-Static in Frameworks */,
				67AE5BF92B7265A200712D83 /* CombineExt in Frameworks */,
				6778BB162B7127DF00DE97B5 /* Apollo-Dynamic in Frameworks */,
			);
			runOnlyForDeploymentPostprocessing = 0;
		};
/* End PBXFrameworksBuildPhase section */

/* Begin PBXGroup section */
		6778BAF82B7125EF00DE97B5 = {
			isa = PBXGroup;
			children = (
				6778BB032B7125EF00DE97B5 /* StarWarFilms */,
				6778BB022B7125EF00DE97B5 /* Products */,
			);
			sourceTree = "<group>";
		};
		6778BB022B7125EF00DE97B5 /* Products */ = {
			isa = PBXGroup;
			children = (
				6778BB012B7125EF00DE97B5 /* StarWarFilms.app */,
			);
			name = Products;
			sourceTree = "<group>";
		};
		6778BB032B7125EF00DE97B5 /* StarWarFilms */ = {
			isa = PBXGroup;
			children = (
				67AE5BEA2B72347300712D83 /* Utils */,
				67AE5BE52B72321C00712D83 /* Presentation */,
				67AE5BC72B7226B200712D83 /* Domain */,
				67AE5BBE2B721BD600712D83 /* Data */,
				6778BB222B713AE800DE97B5 /* GraphQL */,
				6778BB042B7125EF00DE97B5 /* StarWarFilmsApp.swift */,
				6778BB082B7125F200DE97B5 /* Assets.xcassets */,
				6778BB0A2B7125F200DE97B5 /* Preview Content */,
				67AE5BE32B7230E000712D83 /* App+Injection.swift */,
			);
			path = StarWarFilms;
			sourceTree = "<group>";
		};
		6778BB0A2B7125F200DE97B5 /* Preview Content */ = {
			isa = PBXGroup;
			children = (
				6778BB0B2B7125F200DE97B5 /* Preview Assets.xcassets */,
			);
			path = "Preview Content";
			sourceTree = "<group>";
		};
		6778BB222B713AE800DE97B5 /* GraphQL */ = {
			isa = PBXGroup;
			children = (
				67AE5BD02B72281700712D83 /* schema.graphqls */,
				6778BB252B713B8A00DE97B5 /* StarWarFilmsQuery.graphql */,
			);
			path = GraphQL;
			sourceTree = "<group>";
		};
		67AE5BBE2B721BD600712D83 /* Data */ = {
			isa = PBXGroup;
			children = (
				67AE5BC42B72263000712D83 /* RepositoryImpl */,
				67AE5BBF2B72215300712D83 /* API */,
				67AE5BDC2B722EA300712D83 /* Data+Injection.swift */,
			);
			path = Data;
			sourceTree = "<group>";
		};
		67AE5BBF2B72215300712D83 /* API */ = {
			isa = PBXGroup;
			children = (
				6778BB2A2B71C68500DE97B5 /* APIService.swift */,
				67AE5BC02B72241200712D83 /* Error.swift */,
			);
			path = API;
			sourceTree = "<group>";
		};
		67AE5BC42B72263000712D83 /* RepositoryImpl */ = {
			isa = PBXGroup;
			children = (
				67AE5BC52B72269B00712D83 /* StarWarsRepositoryImpl.swift */,
			);
			path = RepositoryImpl;
			sourceTree = "<group>";
		};
		67AE5BC72B7226B200712D83 /* Domain */ = {
			isa = PBXGroup;
			children = (
				67AE5BE02B72303900712D83 /* UseCase */,
				67AE5BCB2B72271A00712D83 /* Entity */,
				67AE5BC82B7226CE00712D83 /* Repository */,
				67AE5BDE2B72303300712D83 /* Domain+Injection.swift */,
			);
			path = Domain;
			sourceTree = "<group>";
		};
		67AE5BC82B7226CE00712D83 /* Repository */ = {
			isa = PBXGroup;
			children = (
				67AE5BC92B7226D900712D83 /* StarWarsRepository.swift */,
			);
			path = Repository;
			sourceTree = "<group>";
		};
		67AE5BCB2B72271A00712D83 /* Entity */ = {
			isa = PBXGroup;
			children = (
				67AE5BCC2B72272300712D83 /* Film.swift */,
				67AE5BCE2B72273800712D83 /* Character.swift */,
			);
			path = Entity;
			sourceTree = "<group>";
		};
		67AE5BE02B72303900712D83 /* UseCase */ = {
			isa = PBXGroup;
			children = (
				67AE5BE12B72304600712D83 /* StarWarsUseCase.swift */,
			);
			path = UseCase;
			sourceTree = "<group>";
		};
		67AE5BE52B72321C00712D83 /* Presentation */ = {
			isa = PBXGroup;
			children = (
				67AE5BE62B72321F00712D83 /* Scene */,
			);
			path = Presentation;
			sourceTree = "<group>";
		};
		67AE5BE62B72321F00712D83 /* Scene */ = {
			isa = PBXGroup;
			children = (
				67AE5BF22B7257D900712D83 /* FilmDetail */,
				67AE5BE72B72322300712D83 /* Home */,
			);
			path = Scene;
			sourceTree = "<group>";
		};
		67AE5BE72B72322300712D83 /* Home */ = {
			isa = PBXGroup;
			children = (
				6778BB062B7125EF00DE97B5 /* HomeView.swift */,
				67AE5BE82B7232DE00712D83 /* HomeViewModel.swift */,
			);
			path = Home;
			sourceTree = "<group>";
		};
		67AE5BEA2B72347300712D83 /* Utils */ = {
			isa = PBXGroup;
			children = (
				67AE5BFA2B728D6000712D83 /* Supports */,
				67AE5BEB2B72347800712D83 /* Extensions */,
			);
			path = Utils;
			sourceTree = "<group>";
		};
		67AE5BEB2B72347800712D83 /* Extensions */ = {
			isa = PBXGroup;
			children = (
				67AE5BEC2B72348500712D83 /* Publisher+.swift */,
			);
			path = Extensions;
			sourceTree = "<group>";
		};
		67AE5BF22B7257D900712D83 /* FilmDetail */ = {
			isa = PBXGroup;
			children = (
				67AE5BF52B7257F100712D83 /* FilmDetail.swift */,
			);
			path = FilmDetail;
			sourceTree = "<group>";
		};
		67AE5BFA2B728D6000712D83 /* Supports */ = {
			isa = PBXGroup;
			children = (
				67AE5BF02B7234DD00712D83 /* ErrorTracker.swift */,
				67AE5BEE2B7234C000712D83 /* ActivityTracker.swift */,
				67AE5BFB2B728D6E00712D83 /* ViewModel.swift */,
				67AE5BFD2B728DCC00712D83 /* Driver.swift */,
				67AE5BFF2B728E3B00712D83 /* AlertMessage.swift */,
				67AE5C012B72932200712D83 /* CancelBag.swift */,
				67AE5C032B7294B200712D83 /* LoadingView.swift */,
				67AE5C052B7294E600712D83 /* ActivityIndicator.swift */,
			);
			path = Supports;
			sourceTree = "<group>";
		};
/* End PBXGroup section */

/* Begin PBXNativeTarget section */
		6778BB002B7125EF00DE97B5 /* StarWarFilms */ = {
			isa = PBXNativeTarget;
			buildConfigurationList = 6778BB0F2B7125F200DE97B5 /* Build configuration list for PBXNativeTarget "StarWarFilms" */;
			buildPhases = (
				6778BAFD2B7125EF00DE97B5 /* Sources */,
				6778BAFE2B7125EF00DE97B5 /* Frameworks */,
				6778BAFF2B7125EF00DE97B5 /* Resources */,
			);
			buildRules = (
			);
			dependencies = (
			);
			name = StarWarFilms;
			packageProductDependencies = (
				6778BB132B7127DF00DE97B5 /* Apollo */,
				6778BB152B7127DF00DE97B5 /* Apollo-Dynamic */,
				6778BB172B7127DF00DE97B5 /* ApolloAPI */,
				6778BB192B7127DF00DE97B5 /* ApolloSQLite */,
				6778BB1B2B7127DF00DE97B5 /* ApolloTestSupport */,
				67AE5BD32B722A7100712D83 /* StarWarsAPI */,
				67AE5BD62B722E7D00712D83 /* Resolver */,
				67AE5BD82B722E7D00712D83 /* Resolver-Dynamic */,
				67AE5BDA2B722E7D00712D83 /* Resolver-Static */,
				67AE5BF82B7265A200712D83 /* CombineExt */,
			);
			productName = StarWarFilms;
			productReference = 6778BB012B7125EF00DE97B5 /* StarWarFilms.app */;
			productType = "com.apple.product-type.application";
		};
/* End PBXNativeTarget section */

/* Begin PBXProject section */
		6778BAF92B7125EF00DE97B5 /* Project object */ = {
			isa = PBXProject;
			attributes = {
				BuildIndependentTargetsInParallel = 1;
				LastSwiftUpdateCheck = 1500;
				LastUpgradeCheck = 1500;
				TargetAttributes = {
					6778BB002B7125EF00DE97B5 = {
						CreatedOnToolsVersion = 15.0;
					};
				};
			};
			buildConfigurationList = 6778BAFC2B7125EF00DE97B5 /* Build configuration list for PBXProject "StarWarFilms" */;
			compatibilityVersion = "Xcode 14.0";
			developmentRegion = en;
			hasScannedForEncodings = 0;
			knownRegions = (
				en,
				Base,
			);
			mainGroup = 6778BAF82B7125EF00DE97B5;
			packageReferences = (
				6778BB122B7127DF00DE97B5 /* XCRemoteSwiftPackageReference "apollo-ios" */,
				67AE5BD22B722A7100712D83 /* XCLocalSwiftPackageReference "StarWarsAPI" */,
				67AE5BD52B722E7D00712D83 /* XCRemoteSwiftPackageReference "Resolver" */,
				67AE5BF72B7265A200712D83 /* XCRemoteSwiftPackageReference "CombineExt" */,
			);
			productRefGroup = 6778BB022B7125EF00DE97B5 /* Products */;
			projectDirPath = "";
			projectRoot = "";
			targets = (
				6778BB002B7125EF00DE97B5 /* StarWarFilms */,
			);
		};
/* End PBXProject section */

/* Begin PBXResourcesBuildPhase section */
		6778BAFF2B7125EF00DE97B5 /* Resources */ = {
			isa = PBXResourcesBuildPhase;
			buildActionMask = 2147483647;
			files = (
				67AE5BD12B72281700712D83 /* schema.graphqls in Resources */,
				6778BB0C2B7125F200DE97B5 /* Preview Assets.xcassets in Resources */,
				6778BB092B7125F200DE97B5 /* Assets.xcassets in Resources */,
				6778BB262B713B8A00DE97B5 /* StarWarFilmsQuery.graphql in Resources */,
			);
			runOnlyForDeploymentPostprocessing = 0;
		};
/* End PBXResourcesBuildPhase section */

/* Begin PBXSourcesBuildPhase section */
		6778BAFD2B7125EF00DE97B5 /* Sources */ = {
			isa = PBXSourcesBuildPhase;
			buildActionMask = 2147483647;
			files = (
				67AE5BC12B72241200712D83 /* Error.swift in Sources */,
				67AE5BEF2B7234C000712D83 /* ActivityTracker.swift in Sources */,
				67AE5BED2B72348500712D83 /* Publisher+.swift in Sources */,
				67AE5C042B7294B200712D83 /* LoadingView.swift in Sources */,
				67AE5BF12B7234DD00712D83 /* ErrorTracker.swift in Sources */,
				67AE5BE42B7230E000712D83 /* App+Injection.swift in Sources */,
				67AE5C022B72932200712D83 /* CancelBag.swift in Sources */,
				6778BB2B2B71C68500DE97B5 /* APIService.swift in Sources */,
				67AE5C002B728E3B00712D83 /* AlertMessage.swift in Sources */,
				67AE5BC62B72269B00712D83 /* StarWarsRepositoryImpl.swift in Sources */,
				67AE5BFE2B728DCC00712D83 /* Driver.swift in Sources */,
				67AE5BDF2B72303300712D83 /* Domain+Injection.swift in Sources */,
				67AE5C062B7294E600712D83 /* ActivityIndicator.swift in Sources */,
				6778BB072B7125EF00DE97B5 /* HomeView.swift in Sources */,
				67AE5BE22B72304600712D83 /* StarWarsUseCase.swift in Sources */,
				67AE5BFC2B728D6E00712D83 /* ViewModel.swift in Sources */,
				67AE5BCA2B7226D900712D83 /* StarWarsRepository.swift in Sources */,
				67AE5BE92B7232DE00712D83 /* HomeViewModel.swift in Sources */,
				6778BB052B7125EF00DE97B5 /* StarWarFilmsApp.swift in Sources */,
				67AE5BF62B7257F100712D83 /* FilmDetail.swift in Sources */,
				67AE5BDD2B722EA300712D83 /* Data+Injection.swift in Sources */,
				67AE5BCD2B72272300712D83 /* Film.swift in Sources */,
				67AE5BCF2B72273800712D83 /* Character.swift in Sources */,
			);
			runOnlyForDeploymentPostprocessing = 0;
		};
/* End PBXSourcesBuildPhase section */

/* Begin XCBuildConfiguration section */
		6778BB0D2B7125F200DE97B5 /* Debug */ = {
			isa = XCBuildConfiguration;
			buildSettings = {
				ALWAYS_SEARCH_USER_PATHS = NO;
				ASSETCATALOG_COMPILER_GENERATE_SWIFT_ASSET_SYMBOL_EXTENSIONS = YES;
				CLANG_ANALYZER_NONNULL = YES;
				CLANG_ANALYZER_NUMBER_OBJECT_CONVERSION = YES_AGGRESSIVE;
				CLANG_CXX_LANGUAGE_STANDARD = "gnu++20";
				CLANG_ENABLE_MODULES = YES;
				CLANG_ENABLE_OBJC_ARC = YES;
				CLANG_ENABLE_OBJC_WEAK = YES;
				CLANG_WARN_BLOCK_CAPTURE_AUTORELEASING = YES;
				CLANG_WARN_BOOL_CONVERSION = YES;
				CLANG_WARN_COMMA = YES;
				CLANG_WARN_CONSTANT_CONVERSION = YES;
				CLANG_WARN_DEPRECATED_OBJC_IMPLEMENTATIONS = YES;
				CLANG_WARN_DIRECT_OBJC_ISA_USAGE = YES_ERROR;
				CLANG_WARN_DOCUMENTATION_COMMENTS = YES;
				CLANG_WARN_EMPTY_BODY = YES;
				CLANG_WARN_ENUM_CONVERSION = YES;
				CLANG_WARN_INFINITE_RECURSION = YES;
				CLANG_WARN_INT_CONVERSION = YES;
				CLANG_WARN_NON_LITERAL_NULL_CONVERSION = YES;
				CLANG_WARN_OBJC_IMPLICIT_RETAIN_SELF = YES;
				CLANG_WARN_OBJC_LITERAL_CONVERSION = YES;
				CLANG_WARN_OBJC_ROOT_CLASS = YES_ERROR;
				CLANG_WARN_QUOTED_INCLUDE_IN_FRAMEWORK_HEADER = YES;
				CLANG_WARN_RANGE_LOOP_ANALYSIS = YES;
				CLANG_WARN_STRICT_PROTOTYPES = YES;
				CLANG_WARN_SUSPICIOUS_MOVE = YES;
				CLANG_WARN_UNGUARDED_AVAILABILITY = YES_AGGRESSIVE;
				CLANG_WARN_UNREACHABLE_CODE = YES;
				CLANG_WARN__DUPLICATE_METHOD_MATCH = YES;
				COPY_PHASE_STRIP = NO;
				DEBUG_INFORMATION_FORMAT = dwarf;
				ENABLE_STRICT_OBJC_MSGSEND = YES;
				ENABLE_TESTABILITY = YES;
				ENABLE_USER_SCRIPT_SANDBOXING = YES;
				GCC_C_LANGUAGE_STANDARD = gnu17;
				GCC_DYNAMIC_NO_PIC = NO;
				GCC_NO_COMMON_BLOCKS = YES;
				GCC_OPTIMIZATION_LEVEL = 0;
				GCC_PREPROCESSOR_DEFINITIONS = (
					"DEBUG=1",
					"$(inherited)",
				);
				GCC_WARN_64_TO_32_BIT_CONVERSION = YES;
				GCC_WARN_ABOUT_RETURN_TYPE = YES_ERROR;
				GCC_WARN_UNDECLARED_SELECTOR = YES;
				GCC_WARN_UNINITIALIZED_AUTOS = YES_AGGRESSIVE;
				GCC_WARN_UNUSED_FUNCTION = YES;
				GCC_WARN_UNUSED_VARIABLE = YES;
				IPHONEOS_DEPLOYMENT_TARGET = 17.0;
				LOCALIZATION_PREFERS_STRING_CATALOGS = YES;
				MTL_ENABLE_DEBUG_INFO = INCLUDE_SOURCE;
				MTL_FAST_MATH = YES;
				ONLY_ACTIVE_ARCH = YES;
				SDKROOT = iphoneos;
				SWIFT_ACTIVE_COMPILATION_CONDITIONS = "DEBUG $(inherited)";
				SWIFT_OPTIMIZATION_LEVEL = "-Onone";
			};
			name = Debug;
		};
		6778BB0E2B7125F200DE97B5 /* Release */ = {
			isa = XCBuildConfiguration;
			buildSettings = {
				ALWAYS_SEARCH_USER_PATHS = NO;
				ASSETCATALOG_COMPILER_GENERATE_SWIFT_ASSET_SYMBOL_EXTENSIONS = YES;
				CLANG_ANALYZER_NONNULL = YES;
				CLANG_ANALYZER_NUMBER_OBJECT_CONVERSION = YES_AGGRESSIVE;
				CLANG_CXX_LANGUAGE_STANDARD = "gnu++20";
				CLANG_ENABLE_MODULES = YES;
				CLANG_ENABLE_OBJC_ARC = YES;
				CLANG_ENABLE_OBJC_WEAK = YES;
				CLANG_WARN_BLOCK_CAPTURE_AUTORELEASING = YES;
				CLANG_WARN_BOOL_CONVERSION = YES;
				CLANG_WARN_COMMA = YES;
				CLANG_WARN_CONSTANT_CONVERSION = YES;
				CLANG_WARN_DEPRECATED_OBJC_IMPLEMENTATIONS = YES;
				CLANG_WARN_DIRECT_OBJC_ISA_USAGE = YES_ERROR;
				CLANG_WARN_DOCUMENTATION_COMMENTS = YES;
				CLANG_WARN_EMPTY_BODY = YES;
				CLANG_WARN_ENUM_CONVERSION = YES;
				CLANG_WARN_INFINITE_RECURSION = YES;
				CLANG_WARN_INT_CONVERSION = YES;
				CLANG_WARN_NON_LITERAL_NULL_CONVERSION = YES;
				CLANG_WARN_OBJC_IMPLICIT_RETAIN_SELF = YES;
				CLANG_WARN_OBJC_LITERAL_CONVERSION = YES;
				CLANG_WARN_OBJC_ROOT_CLASS = YES_ERROR;
				CLANG_WARN_QUOTED_INCLUDE_IN_FRAMEWORK_HEADER = YES;
				CLANG_WARN_RANGE_LOOP_ANALYSIS = YES;
				CLANG_WARN_STRICT_PROTOTYPES = YES;
				CLANG_WARN_SUSPICIOUS_MOVE = YES;
				CLANG_WARN_UNGUARDED_AVAILABILITY = YES_AGGRESSIVE;
				CLANG_WARN_UNREACHABLE_CODE = YES;
				CLANG_WARN__DUPLICATE_METHOD_MATCH = YES;
				COPY_PHASE_STRIP = NO;
				DEBUG_INFORMATION_FORMAT = "dwarf-with-dsym";
				ENABLE_NS_ASSERTIONS = NO;
				ENABLE_STRICT_OBJC_MSGSEND = YES;
				ENABLE_USER_SCRIPT_SANDBOXING = YES;
				GCC_C_LANGUAGE_STANDARD = gnu17;
				GCC_NO_COMMON_BLOCKS = YES;
				GCC_WARN_64_TO_32_BIT_CONVERSION = YES;
				GCC_WARN_ABOUT_RETURN_TYPE = YES_ERROR;
				GCC_WARN_UNDECLARED_SELECTOR = YES;
				GCC_WARN_UNINITIALIZED_AUTOS = YES_AGGRESSIVE;
				GCC_WARN_UNUSED_FUNCTION = YES;
				GCC_WARN_UNUSED_VARIABLE = YES;
				IPHONEOS_DEPLOYMENT_TARGET = 17.0;
				LOCALIZATION_PREFERS_STRING_CATALOGS = YES;
				MTL_ENABLE_DEBUG_INFO = NO;
				MTL_FAST_MATH = YES;
				SDKROOT = iphoneos;
				SWIFT_COMPILATION_MODE = wholemodule;
				VALIDATE_PRODUCT = YES;
			};
			name = Release;
		};
		6778BB102B7125F200DE97B5 /* Debug */ = {
			isa = XCBuildConfiguration;
			buildSettings = {
				ASSETCATALOG_COMPILER_APPICON_NAME = AppIcon;
				ASSETCATALOG_COMPILER_GLOBAL_ACCENT_COLOR_NAME = AccentColor;
				CODE_SIGN_STYLE = Automatic;
				CURRENT_PROJECT_VERSION = 1;
				DEVELOPMENT_ASSET_PATHS = "\"StarWarFilms/Preview Content\"";
				DEVELOPMENT_TEAM = KVU2D4KZ23;
				ENABLE_PREVIEWS = YES;
				GENERATE_INFOPLIST_FILE = YES;
				INFOPLIST_KEY_UIApplicationSceneManifest_Generation = YES;
				INFOPLIST_KEY_UIApplicationSupportsIndirectInputEvents = YES;
				INFOPLIST_KEY_UILaunchScreen_Generation = YES;
				INFOPLIST_KEY_UISupportedInterfaceOrientations_iPad = "UIInterfaceOrientationPortrait UIInterfaceOrientationPortraitUpsideDown UIInterfaceOrientationLandscapeLeft UIInterfaceOrientationLandscapeRight";
				INFOPLIST_KEY_UISupportedInterfaceOrientations_iPhone = "UIInterfaceOrientationPortrait UIInterfaceOrientationLandscapeLeft UIInterfaceOrientationLandscapeRight";
				LD_RUNPATH_SEARCH_PATHS = (
					"$(inherited)",
					"@executable_path/Frameworks",
				);
				MARKETING_VERSION = 1.0;
				PRODUCT_BUNDLE_IDENTIFIER = com.phongle.StarWarFilms;
				PRODUCT_NAME = "$(TARGET_NAME)";
				SWIFT_EMIT_LOC_STRINGS = YES;
				SWIFT_VERSION = 5.0;
				TARGETED_DEVICE_FAMILY = "1,2";
			};
			name = Debug;
		};
		6778BB112B7125F200DE97B5 /* Release */ = {
			isa = XCBuildConfiguration;
			buildSettings = {
				ASSETCATALOG_COMPILER_APPICON_NAME = AppIcon;
				ASSETCATALOG_COMPILER_GLOBAL_ACCENT_COLOR_NAME = AccentColor;
				CODE_SIGN_STYLE = Automatic;
				CURRENT_PROJECT_VERSION = 1;
				DEVELOPMENT_ASSET_PATHS = "\"StarWarFilms/Preview Content\"";
				DEVELOPMENT_TEAM = KVU2D4KZ23;
				ENABLE_PREVIEWS = YES;
				GENERATE_INFOPLIST_FILE = YES;
				INFOPLIST_KEY_UIApplicationSceneManifest_Generation = YES;
				INFOPLIST_KEY_UIApplicationSupportsIndirectInputEvents = YES;
				INFOPLIST_KEY_UILaunchScreen_Generation = YES;
				INFOPLIST_KEY_UISupportedInterfaceOrientations_iPad = "UIInterfaceOrientationPortrait UIInterfaceOrientationPortraitUpsideDown UIInterfaceOrientationLandscapeLeft UIInterfaceOrientationLandscapeRight";
				INFOPLIST_KEY_UISupportedInterfaceOrientations_iPhone = "UIInterfaceOrientationPortrait UIInterfaceOrientationLandscapeLeft UIInterfaceOrientationLandscapeRight";
				LD_RUNPATH_SEARCH_PATHS = (
					"$(inherited)",
					"@executable_path/Frameworks",
				);
				MARKETING_VERSION = 1.0;
				PRODUCT_BUNDLE_IDENTIFIER = com.phongle.StarWarFilms;
				PRODUCT_NAME = "$(TARGET_NAME)";
				SWIFT_EMIT_LOC_STRINGS = YES;
				SWIFT_VERSION = 5.0;
				TARGETED_DEVICE_FAMILY = "1,2";
			};
			name = Release;
		};
/* End XCBuildConfiguration section */

/* Begin XCConfigurationList section */
		6778BAFC2B7125EF00DE97B5 /* Build configuration list for PBXProject "StarWarFilms" */ = {
			isa = XCConfigurationList;
			buildConfigurations = (
				6778BB0D2B7125F200DE97B5 /* Debug */,
				6778BB0E2B7125F200DE97B5 /* Release */,
			);
			defaultConfigurationIsVisible = 0;
			defaultConfigurationName = Release;
		};
		6778BB0F2B7125F200DE97B5 /* Build configuration list for PBXNativeTarget "StarWarFilms" */ = {
			isa = XCConfigurationList;
			buildConfigurations = (
				6778BB102B7125F200DE97B5 /* Debug */,
				6778BB112B7125F200DE97B5 /* Release */,
			);
			defaultConfigurationIsVisible = 0;
			defaultConfigurationName = Release;
		};
/* End XCConfigurationList section */

/* Begin XCLocalSwiftPackageReference section */
		67AE5BD22B722A7100712D83 /* XCLocalSwiftPackageReference "StarWarsAPI" */ = {
			isa = XCLocalSwiftPackageReference;
			relativePath = StarWarsAPI;
		};
/* End XCLocalSwiftPackageReference section */

/* Begin XCRemoteSwiftPackageReference section */
		6778BB122B7127DF00DE97B5 /* XCRemoteSwiftPackageReference "apollo-ios" */ = {
			isa = XCRemoteSwiftPackageReference;
			repositoryURL = "https://github.com/apollographql/apollo-ios.git";
			requirement = {
				kind = upToNextMajorVersion;
				minimumVersion = 1.9.0;
			};
		};
		67AE5BD52B722E7D00712D83 /* XCRemoteSwiftPackageReference "Resolver" */ = {
			isa = XCRemoteSwiftPackageReference;
			repositoryURL = "https://github.com/hmlongco/Resolver.git";
			requirement = {
				kind = upToNextMajorVersion;
				minimumVersion = 1.5.0;
			};
		};
		67AE5BF72B7265A200712D83 /* XCRemoteSwiftPackageReference "CombineExt" */ = {
			isa = XCRemoteSwiftPackageReference;
			repositoryURL = "https://github.com/CombineCommunity/CombineExt.git";
			requirement = {
				kind = upToNextMajorVersion;
				minimumVersion = 1.8.1;
			};
		};
/* End XCRemoteSwiftPackageReference section */

/* Begin XCSwiftPackageProductDependency section */
		6778BB132B7127DF00DE97B5 /* Apollo */ = {
			isa = XCSwiftPackageProductDependency;
			package = 6778BB122B7127DF00DE97B5 /* XCRemoteSwiftPackageReference "apollo-ios" */;
			productName = Apollo;
		};
		6778BB152B7127DF00DE97B5 /* Apollo-Dynamic */ = {
			isa = XCSwiftPackageProductDependency;
			package = 6778BB122B7127DF00DE97B5 /* XCRemoteSwiftPackageReference "apollo-ios" */;
			productName = "Apollo-Dynamic";
		};
		6778BB172B7127DF00DE97B5 /* ApolloAPI */ = {
			isa = XCSwiftPackageProductDependency;
			package = 6778BB122B7127DF00DE97B5 /* XCRemoteSwiftPackageReference "apollo-ios" */;
			productName = ApolloAPI;
		};
		6778BB192B7127DF00DE97B5 /* ApolloSQLite */ = {
			isa = XCSwiftPackageProductDependency;
			package = 6778BB122B7127DF00DE97B5 /* XCRemoteSwiftPackageReference "apollo-ios" */;
			productName = ApolloSQLite;
		};
		6778BB1B2B7127DF00DE97B5 /* ApolloTestSupport */ = {
			isa = XCSwiftPackageProductDependency;
			package = 6778BB122B7127DF00DE97B5 /* XCRemoteSwiftPackageReference "apollo-ios" */;
			productName = ApolloTestSupport;
		};
		67AE5BD32B722A7100712D83 /* StarWarsAPI */ = {
			isa = XCSwiftPackageProductDependency;
			productName = StarWarsAPI;
		};
		67AE5BD62B722E7D00712D83 /* Resolver */ = {
			isa = XCSwiftPackageProductDependency;
			package = 67AE5BD52B722E7D00712D83 /* XCRemoteSwiftPackageReference "Resolver" */;
			productName = Resolver;
		};
		67AE5BD82B722E7D00712D83 /* Resolver-Dynamic */ = {
			isa = XCSwiftPackageProductDependency;
			package = 67AE5BD52B722E7D00712D83 /* XCRemoteSwiftPackageReference "Resolver" */;
			productName = "Resolver-Dynamic";
		};
		67AE5BDA2B722E7D00712D83 /* Resolver-Static */ = {
			isa = XCSwiftPackageProductDependency;
			package = 67AE5BD52B722E7D00712D83 /* XCRemoteSwiftPackageReference "Resolver" */;
			productName = "Resolver-Static";
		};
		67AE5BF82B7265A200712D83 /* CombineExt */ = {
			isa = XCSwiftPackageProductDependency;
			package = 67AE5BF72B7265A200712D83 /* XCRemoteSwiftPackageReference "CombineExt" */;
			productName = CombineExt;
		};
/* End XCSwiftPackageProductDependency section */
	};
	rootObject = 6778BAF92B7125EF00DE97B5 /* Project object */;
}
